# Generated by pub
# See https://www.dartlang.org/tools/pub/glossary#lockfile
packages:
  intl:
    dependency: "direct main"
    description:
      name: intl
      url: "https://pub.flutter-io.cn"
    source: hosted
    version: "0.15.8"
  path:
    dependency: transitive
    description:
      name: path
      url: "https://pub.flutter-io.cn"
    source: hosted
    version: "1.6.2"
  rxdart:
    dependency: "direct main"
    description:
      name: rxdart
      url: "https://pub.flutter-io.cn"
    source: hosted
    version: "0.21.0"
sdks:
  dart: ">=2.0.0-dev.62.0 <3.0.0"
